
Microsoft Visual Studio Solution File, Format Version 12.00
# Visual Studio Version 16
VisualStudioVersion = 16.0.31515.178
MinimumVisualStudioVersion = 10.0.40219.1
Project("{FAE04EC0-301F-11D3-BF4B-00C04F79EFBC}") = "ProjectForex.Server", "Server\ProjectForex.Server.csproj", "{89005DF7-44CE-4069-84B6-2AF9FF978E93}"
EndProject
Project("{FAE04EC0-301F-11D3-BF4B-00C04F79EFBC}") = "ProjectForex.Client", "Client\ProjectForex.Client.csproj", "{314186AD-2099-4ED5-80FF-D285A789024F}"
EndProject
Project("{FAE04EC0-301F-11D3-BF4B-00C04F79EFBC}") = "ProjectForex.Shared", "Shared\ProjectForex.Shared.csproj", "{81983C2E-DF41-4214-B443-3676792B2DBE}"
EndProject
Global
	GlobalSection(SolutionConfigurationPlatforms) = preSolution
		Debug|Any CPU = Debug|Any CPU
		Release|Any CPU = Release|Any CPU
	EndGlobalSection
	GlobalSection(ProjectConfigurationPlatforms) = postSolution
		{89005DF7-44CE-4069-84B6-2AF9FF978E93}.Debug|Any CPU.ActiveCfg = Debug|Any CPU
		{89005DF7-44CE-4069-84B6-2AF9FF978E93}.Debug|Any CPU.Build.0 = Debug|Any CPU
		{89005DF7-44CE-4069-84B6-2AF9FF978E93}.Release|Any CPU.ActiveCfg = Release|Any CPU
		{89005DF7-44CE-4069-84B6-2AF9FF978E93}.Release|Any CPU.Build.0 = Release|Any CPU
		{314186AD-2099-4ED5-80FF-D285A789024F}.Debug|Any CPU.ActiveCfg = Debug|Any CPU
		{314186AD-2099-4ED5-80FF-D285A789024F}.Debug|Any CPU.Build.0 = Debug|Any CPU
		{314186AD-2099-4ED5-80FF-D285A789024F}.Release|Any CPU.ActiveCfg = Release|Any CPU
		{314186AD-2099-4ED5-80FF-D285A789024F}.Release|Any CPU.Build.0 = Release|Any CPU
		{81983C2E-DF41-4214-B443-3676792B2DBE}.Debug|Any CPU.ActiveCfg = Debug|Any CPU
		{81983C2E-DF41-4214-B443-3676792B2DBE}.Debug|Any CPU.Build.0 = Debug|Any CPU
		{81983C2E-DF41-4214-B443-3676792B2DBE}.Release|Any CPU.ActiveCfg = Release|Any CPU
		{81983C2E-DF41-4214-B443-3676792B2DBE}.Release|Any CPU.Build.0 = Release|Any CPU
	EndGlobalSection
	GlobalSection(SolutionProperties) = preSolution
		HideSolutionNode = FALSE
	EndGlobalSection
	GlobalSection(ExtensibilityGlobals) = postSolution
		SolutionGuid = {9A7B2340-4351-4C4E-A7B5-D59BEEEFEA29}
	EndGlobalSection
EndGlobal
